
Microsoft Visual Studio Solution File, Format Version 12.00
# Visual Studio Version 17
VisualStudioVersion = 17.11.35327.3
MinimumVisualStudioVersion = 10.0.40219.1
Project("{2150E333-8FDC-42A3-9474-1A3956D46DE8}") = "FrontEnd", "FrontEnd", "{DB2983D4-4C6B-4DE3-AFF9-CD78BBFD30E4}"
EndProject
Project("{2150E333-8FDC-42A3-9474-1A3956D46DE8}") = "Gateway", "Gateway", "{96DB5DDD-0BCC-41A2-9375-9255B316B67A}"
EndProject
Project("{2150E333-8FDC-42A3-9474-1A3956D46DE8}") = "Integration", "Integration", "{0BA80D67-0383-44E7-A485-809F6B58C914}"
EndProject
Project("{2150E333-8FDC-42A3-9474-1A3956D46DE8}") = "Services", "Services", "{C8203F5F-E644-424D-BBAA-E2428AB4905A}"
EndProject
Project("{9A19103F-16F7-4668-BE54-9A1E7A4F7556}") = "Mango.Services.CouponAPI", "Mango.Services.CouponAPI\Mango.Services.CouponAPI.csproj", "{118AE9B2-29A2-4EED-A902-4919745099FB}"
EndProject
Project("{FAE04EC0-301F-11D3-BF4B-00C04F79EFBC}") = "Mango.Services.PaymentAPI", "Mango.Services.PaymentAPI\Mango.Services.PaymentAPI.csproj", "{14E63695-FC79-43F2-AA5D-A81EA14358C2}"
EndProject
Global
	GlobalSection(SolutionConfigurationPlatforms) = preSolution
		Debug|Any CPU = Debug|Any CPU
		Release|Any CPU = Release|Any CPU
	EndGlobalSection
	GlobalSection(ProjectConfigurationPlatforms) = postSolution
		{118AE9B2-29A2-4EED-A902-4919745099FB}.Debug|Any CPU.ActiveCfg = Debug|Any CPU
		{118AE9B2-29A2-4EED-A902-4919745099FB}.Debug|Any CPU.Build.0 = Debug|Any CPU
		{118AE9B2-29A2-4EED-A902-4919745099FB}.Release|Any CPU.ActiveCfg = Release|Any CPU
		{118AE9B2-29A2-4EED-A902-4919745099FB}.Release|Any CPU.Build.0 = Release|Any CPU
		{14E63695-FC79-43F2-AA5D-A81EA14358C2}.Debug|Any CPU.ActiveCfg = Debug|Any CPU
		{14E63695-FC79-43F2-AA5D-A81EA14358C2}.Debug|Any CPU.Build.0 = Debug|Any CPU
		{14E63695-FC79-43F2-AA5D-A81EA14358C2}.Release|Any CPU.ActiveCfg = Release|Any CPU
		{14E63695-FC79-43F2-AA5D-A81EA14358C2}.Release|Any CPU.Build.0 = Release|Any CPU
	EndGlobalSection
	GlobalSection(SolutionProperties) = preSolution
		HideSolutionNode = FALSE
	EndGlobalSection
	GlobalSection(NestedProjects) = preSolution
		{118AE9B2-29A2-4EED-A902-4919745099FB} = {C8203F5F-E644-424D-BBAA-E2428AB4905A}
		{14E63695-FC79-43F2-AA5D-A81EA14358C2} = {C8203F5F-E644-424D-BBAA-E2428AB4905A}
	EndGlobalSection
	GlobalSection(ExtensibilityGlobals) = postSolution
		SolutionGuid = {5FA0088D-23C8-4B75-9D27-5670B50932C0}
	EndGlobalSection
EndGlobal
